
Microsoft Visual Studio Solution File, Format Version 12.00
Project("{FAE04EC0-301F-11D3-BF4B-00C04F79EFBC}") = "PrototypeExample", "PrototypeExample\PrototypeExample.csproj", "{796F82C3-757E-4773-AC8E-4CB47BDA2C54}"
EndProject
Project("{FAE04EC0-301F-11D3-BF4B-00C04F79EFBC}") = "PrototypeRealExample", "PrototypeRealExample\PrototypeRealExample.csproj", "{EDFAB1DD-5E36-4C8A-BD60-7DB502954732}"
EndProject
Project("{FAE04EC0-301F-11D3-BF4B-00C04F79EFBC}") = "CommandExample", "CommandExample\CommandExample.csproj", "{F12377B3-EC36-4CEB-8EE8-09B002D0367F}"
EndProject
Project("{FAE04EC0-301F-11D3-BF4B-00C04F79EFBC}") = "StrategyExample", "StrategyExample\StrategyExample.csproj", "{3ED07AFE-A10A-431D-97FB-DE171240B11A}"
EndProject
Project("{FAE04EC0-301F-11D3-BF4B-00C04F79EFBC}") = "StrategyRealExample", "StrategyRealExample\StrategyRealExample.csproj", "{B35EDDFC-CDFF-4A0A-87DA-06B03023BBAF}"
EndProject
Project("{FAE04EC0-301F-11D3-BF4B-00C04F79EFBC}") = "BuilderExample", "BuilderExample\BuilderExample.csproj", "{3A9E9844-7682-4335-921E-CFB06A8516DB}"
EndProject
Project("{FAE04EC0-301F-11D3-BF4B-00C04F79EFBC}") = "BuilderRealExample", "BuilderRealExample\BuilderRealExample.csproj", "{BA052FAA-3FF8-49D7-AC18-841446E850E7}"
EndProject
Project("{2150E333-8FDC-42A3-9474-1A3956D46DE8}") = "Theory", "Theory", "{72A8D81F-2E7A-456F-BCA0-1417A36E32B0}"
EndProject
Project("{2150E333-8FDC-42A3-9474-1A3956D46DE8}") = "Practice", "Practice", "{C4DACC56-337F-4DA7-A3C1-84F3A50181FE}"
EndProject
Project("{FAE04EC0-301F-11D3-BF4B-00C04F79EFBC}") = "PrototypeTask", "PrototypeTask\PrototypeTask.csproj", "{BD3AABA4-A5C7-4F85-A9C7-B47F5EF978F6}"
EndProject
Project("{FAE04EC0-301F-11D3-BF4B-00C04F79EFBC}") = "CommandTask", "CommandTask\CommandTask.csproj", "{B4E631DA-CEEC-4241-8FCB-0E98CCB9E5FF}"
EndProject
Project("{FAE04EC0-301F-11D3-BF4B-00C04F79EFBC}") = "GodObjectTask", "GodObjectTask\GodObjectTask.csproj", "{A7EBA70F-3FEC-4E55-8C22-2C5AA3F1DF8F}"
EndProject
Project("{FAE04EC0-301F-11D3-BF4B-00C04F79EFBC}") = "ComplexityTask", "ComplexityTask\ComplexityTask.csproj", "{F63A0338-9D0A-4A60-A268-19C4499C20B9}"
EndProject
Project("{FAE04EC0-301F-11D3-BF4B-00C04F79EFBC}") = "SpaghettiTask", "SpaghettiTask\SpaghettiTask.csproj", "{54A0F639-1361-45DA-B8C0-4C70110AFFF0}"
EndProject
Project("{FAE04EC0-301F-11D3-BF4B-00C04F79EFBC}") = "HardCodeExample", "HardCodeExample\HardCodeExample.csproj", "{FCE7F3E3-E8E5-41A5-BE0B-CA0975FCB5B7}"
EndProject
Project("{FAE04EC0-301F-11D3-BF4B-00C04F79EFBC}") = "FinalPractice", "FinalPractice\FinalPractice.csproj", "{3F0254B2-EC1A-41FE-BF42-C57FAEE29894}"
EndProject
Global
	GlobalSection(SolutionConfigurationPlatforms) = preSolution
		Debug|Any CPU = Debug|Any CPU
		Release|Any CPU = Release|Any CPU
	EndGlobalSection
	GlobalSection(ProjectConfigurationPlatforms) = postSolution
		{796F82C3-757E-4773-AC8E-4CB47BDA2C54}.Debug|Any CPU.ActiveCfg = Debug|Any CPU
		{796F82C3-757E-4773-AC8E-4CB47BDA2C54}.Debug|Any CPU.Build.0 = Debug|Any CPU
		{796F82C3-757E-4773-AC8E-4CB47BDA2C54}.Release|Any CPU.ActiveCfg = Release|Any CPU
		{796F82C3-757E-4773-AC8E-4CB47BDA2C54}.Release|Any CPU.Build.0 = Release|Any CPU
		{EDFAB1DD-5E36-4C8A-BD60-7DB502954732}.Debug|Any CPU.ActiveCfg = Debug|Any CPU
		{EDFAB1DD-5E36-4C8A-BD60-7DB502954732}.Debug|Any CPU.Build.0 = Debug|Any CPU
		{EDFAB1DD-5E36-4C8A-BD60-7DB502954732}.Release|Any CPU.ActiveCfg = Release|Any CPU
		{EDFAB1DD-5E36-4C8A-BD60-7DB502954732}.Release|Any CPU.Build.0 = Release|Any CPU
		{F12377B3-EC36-4CEB-8EE8-09B002D0367F}.Debug|Any CPU.ActiveCfg = Debug|Any CPU
		{F12377B3-EC36-4CEB-8EE8-09B002D0367F}.Debug|Any CPU.Build.0 = Debug|Any CPU
		{F12377B3-EC36-4CEB-8EE8-09B002D0367F}.Release|Any CPU.ActiveCfg = Release|Any CPU
		{F12377B3-EC36-4CEB-8EE8-09B002D0367F}.Release|Any CPU.Build.0 = Release|Any CPU
		{3ED07AFE-A10A-431D-97FB-DE171240B11A}.Debug|Any CPU.ActiveCfg = Debug|Any CPU
		{3ED07AFE-A10A-431D-97FB-DE171240B11A}.Debug|Any CPU.Build.0 = Debug|Any CPU
		{3ED07AFE-A10A-431D-97FB-DE171240B11A}.Release|Any CPU.ActiveCfg = Release|Any CPU
		{3ED07AFE-A10A-431D-97FB-DE171240B11A}.Release|Any CPU.Build.0 = Release|Any CPU
		{B35EDDFC-CDFF-4A0A-87DA-06B03023BBAF}.Debug|Any CPU.ActiveCfg = Debug|Any CPU
		{B35EDDFC-CDFF-4A0A-87DA-06B03023BBAF}.Debug|Any CPU.Build.0 = Debug|Any CPU
		{B35EDDFC-CDFF-4A0A-87DA-06B03023BBAF}.Release|Any CPU.ActiveCfg = Release|Any CPU
		{B35EDDFC-CDFF-4A0A-87DA-06B03023BBAF}.Release|Any CPU.Build.0 = Release|Any CPU
		{3A9E9844-7682-4335-921E-CFB06A8516DB}.Debug|Any CPU.ActiveCfg = Debug|Any CPU
		{3A9E9844-7682-4335-921E-CFB06A8516DB}.Debug|Any CPU.Build.0 = Debug|Any CPU
		{3A9E9844-7682-4335-921E-CFB06A8516DB}.Release|Any CPU.ActiveCfg = Release|Any CPU
		{3A9E9844-7682-4335-921E-CFB06A8516DB}.Release|Any CPU.Build.0 = Release|Any CPU
		{BA052FAA-3FF8-49D7-AC18-841446E850E7}.Debug|Any CPU.ActiveCfg = Debug|Any CPU
		{BA052FAA-3FF8-49D7-AC18-841446E850E7}.Debug|Any CPU.Build.0 = Debug|Any CPU
		{BA052FAA-3FF8-49D7-AC18-841446E850E7}.Release|Any CPU.ActiveCfg = Release|Any CPU
		{BA052FAA-3FF8-49D7-AC18-841446E850E7}.Release|Any CPU.Build.0 = Release|Any CPU
		{BD3AABA4-A5C7-4F85-A9C7-B47F5EF978F6}.Debug|Any CPU.ActiveCfg = Debug|Any CPU
		{BD3AABA4-A5C7-4F85-A9C7-B47F5EF978F6}.Debug|Any CPU.Build.0 = Debug|Any CPU
		{BD3AABA4-A5C7-4F85-A9C7-B47F5EF978F6}.Release|Any CPU.ActiveCfg = Release|Any CPU
		{BD3AABA4-A5C7-4F85-A9C7-B47F5EF978F6}.Release|Any CPU.Build.0 = Release|Any CPU
		{B4E631DA-CEEC-4241-8FCB-0E98CCB9E5FF}.Debug|Any CPU.ActiveCfg = Debug|Any CPU
		{B4E631DA-CEEC-4241-8FCB-0E98CCB9E5FF}.Debug|Any CPU.Build.0 = Debug|Any CPU
		{B4E631DA-CEEC-4241-8FCB-0E98CCB9E5FF}.Release|Any CPU.ActiveCfg = Release|Any CPU
		{B4E631DA-CEEC-4241-8FCB-0E98CCB9E5FF}.Release|Any CPU.Build.0 = Release|Any CPU
		{A7EBA70F-3FEC-4E55-8C22-2C5AA3F1DF8F}.Debug|Any CPU.ActiveCfg = Debug|Any CPU
		{A7EBA70F-3FEC-4E55-8C22-2C5AA3F1DF8F}.Debug|Any CPU.Build.0 = Debug|Any CPU
		{A7EBA70F-3FEC-4E55-8C22-2C5AA3F1DF8F}.Release|Any CPU.ActiveCfg = Release|Any CPU
		{A7EBA70F-3FEC-4E55-8C22-2C5AA3F1DF8F}.Release|Any CPU.Build.0 = Release|Any CPU
		{F63A0338-9D0A-4A60-A268-19C4499C20B9}.Debug|Any CPU.ActiveCfg = Debug|Any CPU
		{F63A0338-9D0A-4A60-A268-19C4499C20B9}.Debug|Any CPU.Build.0 = Debug|Any CPU
		{F63A0338-9D0A-4A60-A268-19C4499C20B9}.Release|Any CPU.ActiveCfg = Release|Any CPU
		{F63A0338-9D0A-4A60-A268-19C4499C20B9}.Release|Any CPU.Build.0 = Release|Any CPU
		{54A0F639-1361-45DA-B8C0-4C70110AFFF0}.Debug|Any CPU.ActiveCfg = Debug|Any CPU
		{54A0F639-1361-45DA-B8C0-4C70110AFFF0}.Debug|Any CPU.Build.0 = Debug|Any CPU
		{54A0F639-1361-45DA-B8C0-4C70110AFFF0}.Release|Any CPU.ActiveCfg = Release|Any CPU
		{54A0F639-1361-45DA-B8C0-4C70110AFFF0}.Release|Any CPU.Build.0 = Release|Any CPU
		{FCE7F3E3-E8E5-41A5-BE0B-CA0975FCB5B7}.Debug|Any CPU.ActiveCfg = Debug|Any CPU
		{FCE7F3E3-E8E5-41A5-BE0B-CA0975FCB5B7}.Debug|Any CPU.Build.0 = Debug|Any CPU
		{FCE7F3E3-E8E5-41A5-BE0B-CA0975FCB5B7}.Release|Any CPU.ActiveCfg = Release|Any CPU
		{FCE7F3E3-E8E5-41A5-BE0B-CA0975FCB5B7}.Release|Any CPU.Build.0 = Release|Any CPU
		{3F0254B2-EC1A-41FE-BF42-C57FAEE29894}.Debug|Any CPU.ActiveCfg = Debug|Any CPU
		{3F0254B2-EC1A-41FE-BF42-C57FAEE29894}.Debug|Any CPU.Build.0 = Debug|Any CPU
		{3F0254B2-EC1A-41FE-BF42-C57FAEE29894}.Release|Any CPU.ActiveCfg = Release|Any CPU
		{3F0254B2-EC1A-41FE-BF42-C57FAEE29894}.Release|Any CPU.Build.0 = Release|Any CPU
	EndGlobalSection
	GlobalSection(NestedProjects) = preSolution
		{3A9E9844-7682-4335-921E-CFB06A8516DB} = {72A8D81F-2E7A-456F-BCA0-1417A36E32B0}
		{BA052FAA-3FF8-49D7-AC18-841446E850E7} = {72A8D81F-2E7A-456F-BCA0-1417A36E32B0}
		{F12377B3-EC36-4CEB-8EE8-09B002D0367F} = {72A8D81F-2E7A-456F-BCA0-1417A36E32B0}
		{796F82C3-757E-4773-AC8E-4CB47BDA2C54} = {72A8D81F-2E7A-456F-BCA0-1417A36E32B0}
		{EDFAB1DD-5E36-4C8A-BD60-7DB502954732} = {72A8D81F-2E7A-456F-BCA0-1417A36E32B0}
		{3ED07AFE-A10A-431D-97FB-DE171240B11A} = {72A8D81F-2E7A-456F-BCA0-1417A36E32B0}
		{B35EDDFC-CDFF-4A0A-87DA-06B03023BBAF} = {72A8D81F-2E7A-456F-BCA0-1417A36E32B0}
		{BD3AABA4-A5C7-4F85-A9C7-B47F5EF978F6} = {C4DACC56-337F-4DA7-A3C1-84F3A50181FE}
		{B4E631DA-CEEC-4241-8FCB-0E98CCB9E5FF} = {C4DACC56-337F-4DA7-A3C1-84F3A50181FE}
		{A7EBA70F-3FEC-4E55-8C22-2C5AA3F1DF8F} = {C4DACC56-337F-4DA7-A3C1-84F3A50181FE}
		{F63A0338-9D0A-4A60-A268-19C4499C20B9} = {C4DACC56-337F-4DA7-A3C1-84F3A50181FE}
		{54A0F639-1361-45DA-B8C0-4C70110AFFF0} = {C4DACC56-337F-4DA7-A3C1-84F3A50181FE}
		{FCE7F3E3-E8E5-41A5-BE0B-CA0975FCB5B7} = {C4DACC56-337F-4DA7-A3C1-84F3A50181FE}
		{3F0254B2-EC1A-41FE-BF42-C57FAEE29894} = {C4DACC56-337F-4DA7-A3C1-84F3A50181FE}
	EndGlobalSection
EndGlobal
